
Microsoft Visual Studio Solution File, Format Version 11.00
# Visual C# Express 2010
Project("{FAE04EC0-301F-11D3-BF4B-00C04F79EFBC}") = "BallCollision", "BallCollision\BallCollision\BallCollision.csproj", "{2482DFF7-2EAD-4F1A-8BB0-84E70133E3DF}"
EndProject
Project("{96E2B04D-8817-42C6-938A-82C39BA4D311}") = "BallCollisionContent", "BallCollision\BallCollisionContent\BallCollisionContent.contentproj", "{0A59C247-AE3B-42F8-ACAC-91A1238B093C}"
EndProject
Global
	GlobalSection(SolutionConfigurationPlatforms) = preSolution
		Debug|x86 = Debug|x86
		Release|x86 = Release|x86
	EndGlobalSection
	GlobalSection(ProjectConfigurationPlatforms) = postSolution
		{2482DFF7-2EAD-4F1A-8BB0-84E70133E3DF}.Debug|x86.ActiveCfg = Debug|x86
		{2482DFF7-2EAD-4F1A-8BB0-84E70133E3DF}.Debug|x86.Build.0 = Debug|x86
		{2482DFF7-2EAD-4F1A-8BB0-84E70133E3DF}.Release|x86.ActiveCfg = Release|x86
		{2482DFF7-2EAD-4F1A-8BB0-84E70133E3DF}.Release|x86.Build.0 = Release|x86
		{0A59C247-AE3B-42F8-ACAC-91A1238B093C}.Debug|x86.ActiveCfg = Debug|x86
		{0A59C247-AE3B-42F8-ACAC-91A1238B093C}.Release|x86.ActiveCfg = Release|x86
	EndGlobalSection
	GlobalSection(SolutionProperties) = preSolution
		HideSolutionNode = FALSE
	EndGlobalSection
EndGlobal
